# THIS IS AN AUTOGENERATED FILE. DO NOT EDIT THIS FILE DIRECTLY.
# yarn lockfile v1


"@ant-design/colors@^5.0.0":
  version "5.1.1"
  resolved "https://registry.npmjs.org/@ant-design/colors/-/colors-5.1.1.tgz"
  integrity sha512-Txy4KpHrp3q4XZdfgOBqLl+lkQIc3tEvHXOimRN1giX1AEC7mGtyrO9p8iRGJ3FLuVMGa2gNEzQyghVymLttKQ==
  dependencies:
    "@ctrl/tinycolor" "^3.3.1"

"@ant-design/icons-svg@^4.0.0":
  version "4.1.0"
  resolved "https://registry.npmjs.org/@ant-design/icons-svg/-/icons-svg-4.1.0.tgz"
  integrity sha512-Fi03PfuUqRs76aI3UWYpP864lkrfPo0hluwGqh7NJdLhvH4iRDc3jbJqZIvRDLHKbXrvAfPPV3+zjUccfFvWOQ==

"@ant-design/icons-vue@^6.0.0":
  version "6.0.1"
  resolved "https://registry.npmjs.org/@ant-design/icons-vue/-/icons-vue-6.0.1.tgz"
  integrity sha512-HigIgEVV6bbcrz2A92/qDzi/aKWB5EC6b6E1mxMB6aQA7ksiKY+gi4U94TpqyEIIhR23uaDrjufJ+xCZQ+vx6Q==
  dependencies:
    "@ant-design/colors" "^5.0.0"
    "@ant-design/icons-svg" "^4.0.0"
    "@types/lodash" "^4.14.165"
    lodash "^4.17.15"

"@babel/parser@^7.15.0":
  version "7.15.7"
  resolved "https://registry.npmjs.org/@babel/parser/-/parser-7.15.7.tgz"
  integrity sha512-rycZXvQ+xS9QyIcJ9HXeDWf1uxqlbVFAUq0Rq0dbc50Zb/+wUe/ehyfzGfm9KZZF0kBejYgxltBXocP+gKdL2g==

"@babel/runtime@^7.10.5":
  version "7.15.4"
  resolved "https://registry.npmjs.org/@babel/runtime/-/runtime-7.15.4.tgz"
  integrity sha512-99catp6bHCaxr4sJ/DbTGgHS4+Rs2RVd2g7iOap6SLGPDknRK9ztKNsE/Fg6QhSeh1FGE5f6gHGQmvvn3I3xhw==
  dependencies:
    regenerator-runtime "^0.13.4"

"@ctrl/tinycolor@^3.3.1":
  version "3.4.0"
  resolved "https://registry.npmjs.org/@ctrl/tinycolor/-/tinycolor-3.4.0.tgz"
  integrity sha512-JZButFdZ1+/xAfpguQHoabIXkcqRRKpMrWKBkpEZZyxfY9C1DpADFB8PEqGSTeFr135SaTRfKqGKx5xSCLI7ZQ==

"@microsoft/signalr@^5.0.10":
  version "5.0.10"
  resolved "https://registry.npmjs.org/@microsoft/signalr/-/signalr-5.0.10.tgz"
  integrity sha512-7jg6s/cmULyeVvt5/bTB4N9T30HvAF1S06hL+nPcQMODXcclRo34Zcli/dfTLR8lCX31/cVEOmVgxXBOVRQ+Dw==
  dependencies:
    abort-controller "^3.0.0"
    eventsource "^1.0.7"
    fetch-cookie "^0.7.3"
    node-fetch "^2.6.0"
    ws "^6.0.0"

"@simonwep/pickr@~1.8.0":
  version "1.8.2"
  resolved "https://registry.npmjs.org/@simonwep/pickr/-/pickr-1.8.2.tgz"
  integrity sha512-/l5w8BIkrpP6n1xsetx9MWPWlU6OblN5YgZZphxan0Tq4BByTCETL6lyIeY8lagalS2Nbt4F2W034KHLIiunKA==
  dependencies:
    core-js "^3.15.1"
    nanopop "^2.1.0"

"@types/lodash@^4.14.165":
  version "4.14.173"
  resolved "https://registry.npmjs.org/@types/lodash/-/lodash-4.14.173.tgz"
  integrity sha512-vv0CAYoaEjCw/mLy96GBTnRoZrSxkGE0BKzKimdR8P3OzrNYNvBgtW7p055A+E8C31vXNUhWKoFCbhq7gbyhFg==

"@vitejs/plugin-vue@^1.6.1":
  version "1.6.2"
  resolved "https://registry.npmjs.org/@vitejs/plugin-vue/-/plugin-vue-1.6.2.tgz"
  integrity sha512-Pf+dqkT4pWPfziPm51VtDXsPwE74CEGRiK6Vgm5EDBewHw1EgcxG7V2ZI/Yqj5gcDy5nVtjgx0AbsTL+F3gddg==

"@vue/compiler-core@3.2.13":
  version "3.2.13"
  resolved "https://registry.yarnpkg.com/@vue/compiler-core/-/compiler-core-3.2.13.tgz#901268088b98a53c43be0f02bfa0e3a389ad6bf4"
  integrity sha512-H8MUuKVCfAT6C0vth/+1LAriKnM+RTFo/5MoFycwRPwworTvkpWq/EuGoIXdLBblo8Y2/bNsOmIBEEoOtrb/bQ==
  dependencies:
    "@babel/parser" "^7.15.0"
    "@vue/shared" "3.2.13"
    estree-walker "^2.0.2"
    source-map "^0.6.1"

"@vue/compiler-dom@3.2.13":
  version "3.2.13"
  resolved "https://registry.yarnpkg.com/@vue/compiler-dom/-/compiler-dom-3.2.13.tgz#028982494fb9d97807d5275b42355732686f8ed7"
  integrity sha512-5+2dYgQyNzM97EEgbdAusUpLjulcKkvLM26jOGpd14+qwEcW/KCnns5DGjlZD/tsdEwToOoTDCm+mjx7cO/G1Q==
  dependencies:
    "@vue/compiler-core" "3.2.13"
    "@vue/shared" "3.2.13"

"@vue/compiler-sfc@3.2.13", "@vue/compiler-sfc@^3.2.13":
  version "3.2.13"
  resolved "https://registry.yarnpkg.com/@vue/compiler-sfc/-/compiler-sfc-3.2.13.tgz#a38475048aad9c96cf04dfe635129b417e0f9295"
  integrity sha512-3j970d969aOILykcTstdihP33xH1Onm0wsvcl+rGv9AGxivB9xicRxBw93HCIA4dAPivr42WjHEoci9q2/85uw==
  dependencies:
    "@babel/parser" "^7.15.0"
    "@vue/compiler-core" "3.2.13"
    "@vue/compiler-dom" "3.2.13"
    "@vue/compiler-ssr" "3.2.13"
    "@vue/ref-transform" "3.2.13"
    "@vue/shared" "3.2.13"
    estree-walker "^2.0.2"
    magic-string "^0.25.7"
    postcss "^8.1.10"
    source-map "^0.6.1"

"@vue/compiler-ssr@3.2.13":
  version "3.2.13"
  resolved "https://registry.yarnpkg.com/@vue/compiler-ssr/-/compiler-ssr-3.2.13.tgz#98434672e0b488c2affa4b0570731d6be5cda187"
  integrity sha512-ZbO6uDhUWTdKBRguYNEZXj2FU3nh1cudoHBiidbxj9q5J0tVT+j1PSVFAXPq6SquUBdJpa4HvGkQ5kQzv6upXg==
  dependencies:
    "@vue/compiler-dom" "3.2.13"
    "@vue/shared" "3.2.13"

"@vue/devtools-api@^6.0.0-beta.11":
  version "6.0.0-beta.18"
  resolved "https://registry.yarnpkg.com/@vue/devtools-api/-/devtools-api-6.0.0-beta.18.tgz#84c0aff9289a57294cb97490811f69e8a0a67f8a"
  integrity sha512-56vRhO7nXWWFYTx520BQSDlQH5VYpwy62hFDEqi2yHHEBpEqseOP5WYQusq7BEW3DXSY9E9cfPVR5CFtJbKuMg==

"@vue/devtools-api@^6.0.0-beta.14":
  version "6.0.0-beta.17"
  resolved "https://registry.npmjs.org/@vue/devtools-api/-/devtools-api-6.0.0-beta.17.tgz"
  integrity sha512-hwGY4Xxc2nl34OyNH7l2VO8/ja3R78B8bcbaBQnZljSju5Z0Bm9HTt+/fQao+TUrs3gfNrrQrY3euWqiaG8chw==

"@vue/reactivity@3.2.13":
  version "3.2.13"
  resolved "https://registry.yarnpkg.com/@vue/reactivity/-/reactivity-3.2.13.tgz#d269b09aaafef06a91bf3eb98defd41a2c3daf54"
  integrity sha512-j3ByCiRgrr4uEZpXJM8XowrbYKeNHMHlbmMZE/2QpVzVPIfrQWS2fpLmbchJeMrnwIrzEl+dub3hgwkV4KRn4w==
  dependencies:
    "@vue/shared" "3.2.13"

"@vue/ref-transform@3.2.13":
  version "3.2.13"
  resolved "https://registry.yarnpkg.com/@vue/ref-transform/-/ref-transform-3.2.13.tgz#6adfce50d388cc03683d9d2ba58f3a3bde5166f4"
  integrity sha512-q6GXHZFzXjpx1K3UFRF8fa+xSmD9xV/FjhGzTNnfrryBr8tBUNYgP2f0s5K5N+21Ay7+MlQ1XXMUp8McGvsryQ==
  dependencies:
    "@babel/parser" "^7.15.0"
    "@vue/compiler-core" "3.2.13"
    "@vue/shared" "3.2.13"
    estree-walker "^2.0.2"
    magic-string "^0.25.7"

"@vue/runtime-core@3.2.13":
  version "3.2.13"
  resolved "https://registry.yarnpkg.com/@vue/runtime-core/-/runtime-core-3.2.13.tgz#8b62f92642e56af71d0d35a9f0065daf6f9eb3fb"
  integrity sha512-VQedL9Wa7yWMPVDrIkxzLCm6cWCDBoXcXc+jrsOJkqpWhEeA7+zGOsDsHzhLH8aaJD6vdnUR5Cy0EKvoJDqEWQ==
  dependencies:
    "@vue/reactivity" "3.2.13"
    "@vue/shared" "3.2.13"

"@vue/runtime-dom@3.2.13":
  version "3.2.13"
  resolved "https://registry.yarnpkg.com/@vue/runtime-dom/-/runtime-dom-3.2.13.tgz#238f517a75765719f8373409cee853775c636f92"
  integrity sha512-DVG+ItkrnCOEa9HSrmGBTLwv/gBVYCO8wkm/yv+d5ChoTnyIILxP0oCiZEPJsgWZfUSRPNi5rXozwo7F99MiwQ==
  dependencies:
    "@vue/runtime-core" "3.2.13"
    "@vue/shared" "3.2.13"
    csstype "^2.6.8"

"@vue/server-renderer@3.2.13":
  version "3.2.13"
  resolved "https://registry.yarnpkg.com/@vue/server-renderer/-/server-renderer-3.2.13.tgz#b10a564be67eec6721f90b36c3c817c19e6064b4"
  integrity sha512-KI+JFV+vRb95+Jb6IwRRm4Vhvj8wrJTNs+OlATfqwwIRpBGAyxn/4knDJYzlnUf/mrKAkrbw751mHhi+pEwILQ==
  dependencies:
    "@vue/compiler-ssr" "3.2.13"
    "@vue/shared" "3.2.13"

"@vue/shared@3.2.13":
  version "3.2.13"
  resolved "https://registry.yarnpkg.com/@vue/shared/-/shared-3.2.13.tgz#c830ef966d7af12598e0ea862a55695ea589cd47"
  integrity sha512-F/gs3kHQ8Xeo24F6EImOvBiIoYQsBjF9qoLzvk+LHxYN6ZhIDEL1NWrBFYzdFQ7NphjEYd4EvPZ+Qee+WX8P6w==

abort-controller@^3.0.0:
  version "3.0.0"
  resolved "https://registry.npmjs.org/abort-controller/-/abort-controller-3.0.0.tgz"
  integrity sha512-h8lQ8tacZYnR3vNQTgibj+tODHI5/+l06Au2Pcriv/Gmet0eaj4TwWH41sO9wnHDiQsEj19q0drzdWdeAHtweg==
  dependencies:
    event-target-shim "^5.0.0"

ant-design-vue@^2.2.8:
  version "2.2.8"
  resolved "https://registry.npmjs.org/ant-design-vue/-/ant-design-vue-2.2.8.tgz"
  integrity sha512-3graq9/gCfJQs6hznrHV6sa9oDmk/D1H3Oo0vLdVpPS/I61fZPk8NEyNKCHpNA6fT2cx6xx9U3QS63uuyikg/Q==
  dependencies:
    "@ant-design/icons-vue" "^6.0.0"
    "@babel/runtime" "^7.10.5"
    "@simonwep/pickr" "~1.8.0"
    array-tree-filter "^2.1.0"
    async-validator "^3.3.0"
    dom-align "^1.12.1"
    dom-scroll-into-view "^2.0.0"
    lodash "^4.17.21"
    lodash-es "^4.17.15"
    moment "^2.27.0"
    omit.js "^2.0.0"
    resize-observer-polyfill "^1.5.1"
    scroll-into-view-if-needed "^2.2.25"
    shallow-equal "^1.0.0"
    vue-types "^3.0.0"
    warning "^4.0.0"

array-tree-filter@^2.1.0:
  version "2.1.0"
  resolved "https://registry.npmjs.org/array-tree-filter/-/array-tree-filter-2.1.0.tgz"
  integrity sha512-4ROwICNlNw/Hqa9v+rk5h22KjmzB1JGTMVKP2AKJBOCgb0yL0ASf0+YvCcLNNwquOHNX48jkeZIJ3a+oOQqKcw==

async-limiter@~1.0.0:
  version "1.0.1"
  resolved "https://registry.npmjs.org/async-limiter/-/async-limiter-1.0.1.tgz"
  integrity sha512-csOlWGAcRFJaI6m+F2WKdnMKr4HhdhFVBk0H/QbJFMCr+uO2kwohwXQPxw/9OCxp05r5ghVBFSyioixx3gfkNQ==

async-validator@^3.3.0:
  version "3.5.2"
  resolved "https://registry.npmjs.org/async-validator/-/async-validator-3.5.2.tgz"
  integrity sha512-8eLCg00W9pIRZSB781UUX/H6Oskmm8xloZfr09lz5bikRpBVDlJ3hRVuxxP1SxcwsEYfJ4IU8Q19Y8/893r3rQ==

axios@^0.21.4:
  version "0.21.4"
  resolved "https://registry.yarnpkg.com/axios/-/axios-0.21.4.tgz#c67b90dc0568e5c1cf2b0b858c43ba28e2eda575"
  integrity sha512-ut5vewkiu8jjGBdqpM44XxjuCjq9LAKeHVmoVfHVzy8eHgxxq8SbAVQNovDA8mVi05kP0Ea/n/UzcSHcTJQfNg==
  dependencies:
    follow-redirects "^1.14.0"

colorette@^1.2.2:
  version "1.4.0"
  resolved "https://registry.npmjs.org/colorette/-/colorette-1.4.0.tgz"
  integrity sha512-Y2oEozpomLn7Q3HFP7dpww7AtMJplbM9lGZP6RDfHqmbeRjiwRg4n6VM6j4KLmRke85uWEI7JqF17f3pqdRA0g==

compute-scroll-into-view@^1.0.17:
  version "1.0.17"
  resolved "https://registry.npmjs.org/compute-scroll-into-view/-/compute-scroll-into-view-1.0.17.tgz"
  integrity sha512-j4dx+Fb0URmzbwwMUrhqWM2BEWHdFGx+qZ9qqASHRPqvTYdqvWnHg0H1hIbcyLnvgnoNAVMlwkepyqM3DaIFUg==

core-js@^3.15.1:
  version "3.18.0"
  resolved "https://registry.npmjs.org/core-js/-/core-js-3.18.0.tgz"
  integrity sha512-WJeQqq6jOYgVgg4NrXKL0KLQhi0CT4ZOCvFL+3CQ5o7I6J8HkT5wd53EadMfqTDp1so/MT1J+w2ujhWcCJtN7w==

csstype@^2.6.8:
  version "2.6.18"
  resolved "https://registry.npmjs.org/csstype/-/csstype-2.6.18.tgz"
  integrity sha512-RSU6Hyeg14am3Ah4VZEmeX8H7kLwEEirXe6aU2IPfKNvhXwTflK5HQRDNI0ypQXoqmm+QPyG2IaPuQE5zMwSIQ==

deepmerge@^4.2.2:
  version "4.2.2"
  resolved "https://registry.yarnpkg.com/deepmerge/-/deepmerge-4.2.2.tgz#44d2ea3679b8f4d4ffba33f03d865fc1e7bf4955"
  integrity sha512-FJ3UgI4gIl+PHZm53knsuSFpE+nESMr7M4v9QcgB7S63Kj/6WqMiFQJpBBYz1Pt+66bZpP3Q7Lye0Oo9MPKEdg==

dom-align@^1.12.1:
  version "1.12.2"
  resolved "https://registry.npmjs.org/dom-align/-/dom-align-1.12.2.tgz"
  integrity sha512-pHuazgqrsTFrGU2WLDdXxCFabkdQDx72ddkraZNih1KsMcN5qsRSTR9O4VJRlwTPCPb5COYg3LOfiMHHcPInHg==

dom-scroll-into-view@^2.0.0:
  version "2.0.1"
  resolved "https://registry.npmjs.org/dom-scroll-into-view/-/dom-scroll-into-view-2.0.1.tgz"
  integrity sha512-bvVTQe1lfaUr1oFzZX80ce9KLDlZ3iU+XGNE/bz9HnGdklTieqsbmsLHe+rT2XWqopvL0PckkYqN7ksmm5pe3w==

es6-denodeify@^0.1.1:
  version "0.1.5"
  resolved "https://registry.npmjs.org/es6-denodeify/-/es6-denodeify-0.1.5.tgz"
  integrity sha1-MdTV/pxVA+ElRgQ5MQ4WoqPznB8=

esbuild@^0.12.17:
  version "0.12.28"
  resolved "https://registry.npmjs.org/esbuild/-/esbuild-0.12.28.tgz"
  integrity sha512-pZ0FrWZXlvQOATlp14lRSk1N9GkeJ3vLIwOcUoo3ICQn9WNR4rWoNi81pbn6sC1iYUy7QPqNzI3+AEzokwyVcA==

estree-walker@^2.0.2:
  version "2.0.2"
  resolved "https://registry.npmjs.org/estree-walker/-/estree-walker-2.0.2.tgz"
  integrity sha512-Rfkk/Mp/DL7JVje3u18FxFujQlTNR2q6QfMSMB7AvCBx91NGj/ba3kCfza0f6dVDbw7YlRf/nDrn7pQrCCyQ/w==

event-target-shim@^5.0.0:
  version "5.0.1"
  resolved "https://registry.npmjs.org/event-target-shim/-/event-target-shim-5.0.1.tgz"
  integrity sha512-i/2XbnSz/uxRCU6+NdVJgKWDTM427+MqYbkQzD321DuCQJUqOuJKIA0IM2+W2xtYHdKOmZ4dR6fExsd4SXL+WQ==

eventsource@^1.0.7:
  version "1.1.0"
  resolved "https://registry.npmjs.org/eventsource/-/eventsource-1.1.0.tgz"
  integrity sha512-VSJjT5oCNrFvCS6igjzPAt5hBzQ2qPBFIbJ03zLI9SE0mxwZpMw6BfJrbFHm1a141AavMEB8JHmBhWAd66PfCg==
  dependencies:
    original "^1.0.0"

fetch-cookie@^0.7.3:
  version "0.7.3"
  resolved "https://registry.npmjs.org/fetch-cookie/-/fetch-cookie-0.7.3.tgz"
  integrity sha512-rZPkLnI8x5V+zYAiz8QonAHsTb4BY+iFowFBI1RFn0zrO343AVp9X7/yUj/9wL6Ef/8fLls8b/vGtzUvmyAUGA==
  dependencies:
    es6-denodeify "^0.1.1"
    tough-cookie "^2.3.3"

follow-redirects@^1.14.0:
  version "1.14.4"
  resolved "https://registry.yarnpkg.com/follow-redirects/-/follow-redirects-1.14.4.tgz#838fdf48a8bbdd79e52ee51fb1c94e3ed98b9379"
  integrity sha512-zwGkiSXC1MUJG/qmeIFH2HBJx9u0V46QGUe3YR1fXG8bXQxq7fLj0RjLZQ5nubr9qNJUZrH+xUcwXEoXNpfS+g==

fsevents@~2.3.2:
  version "2.3.2"
  resolved "https://registry.yarnpkg.com/fsevents/-/fsevents-2.3.2.tgz#8a526f78b8fdf4623b709e0b975c52c24c02fd1a"
  integrity sha512-xiqMQR4xAeHTuB9uWm+fFRcIOgKBMiOBP+eXiyT7jsgVCq1bkVygt00oASowB7EdtpOHaaPgKt812P9ab+DDKA==

function-bind@^1.1.1:
  version "1.1.1"
  resolved "https://registry.npmjs.org/function-bind/-/function-bind-1.1.1.tgz"
  integrity sha512-yIovAzMX49sF8Yl58fSCWJ5svSLuaibPxXQJFLmBObTuCr0Mf1KiPopGM9NiFjiYBCbfaa2Fh6breQ6ANVTI0A==

has@^1.0.3:
  version "1.0.3"
  resolved "https://registry.npmjs.org/has/-/has-1.0.3.tgz"
  integrity sha512-f2dvO0VU6Oej7RkWJGrehjbzMAjFp5/VKPp5tTpWIV4JHHZK1/BxbFRtf/siA2SWTe09caDmVtYYzWEIbBS4zw==
  dependencies:
    function-bind "^1.1.1"

is-core-module@^2.2.0:
  version "2.6.0"
  resolved "https://registry.npmjs.org/is-core-module/-/is-core-module-2.6.0.tgz"
  integrity sha512-wShG8vs60jKfPWpF2KZRaAtvt3a20OAn7+IJ6hLPECpSABLcKtFKTTI4ZtH5QcBruBHlq+WsdHWyz0BCZW7svQ==
  dependencies:
    has "^1.0.3"

is-plain-object@3.0.1:
  version "3.0.1"
  resolved "https://registry.npmjs.org/is-plain-object/-/is-plain-object-3.0.1.tgz"
  integrity sha512-Xnpx182SBMrr/aBik8y+GuR4U1L9FqMSojwDQwPMmxyC6bvEqly9UBCxhauBF5vNh2gwWJNX6oDV7O+OM4z34g==

"js-tokens@^3.0.0 || ^4.0.0":
  version "4.0.0"
  resolved "https://registry.npmjs.org/js-tokens/-/js-tokens-4.0.0.tgz"
  integrity sha512-RdJUflcE3cUzKiMqQgsCu06FPu9UdIJO0beYbPhHN4k6apgJtifcoCtT9bcxOpYBtpD2kCM6Sbzg4CausW/PKQ==

lodash-es@^4.17.15:
  version "4.17.21"
  resolved "https://registry.npmjs.org/lodash-es/-/lodash-es-4.17.21.tgz"
  integrity sha512-mKnC+QJ9pWVzv+C4/U3rRsHapFfHvQFoFB92e52xeyGMcX6/OlIl78je1u8vePzYZSkkogMPJ2yjxxsb89cxyw==

lodash@^4.17.15, lodash@^4.17.21:
  version "4.17.21"
  resolved "https://registry.npmjs.org/lodash/-/lodash-4.17.21.tgz"
  integrity sha512-v2kDEe57lecTulaDIuNTPy3Ry4gLGJ6Z1O3vE1krgXZNrsQ+LFTGHVxVjcXPs17LhbZVGedAJv8XZ1tvj5FvSg==

loose-envify@^1.0.0:
  version "1.4.0"
  resolved "https://registry.npmjs.org/loose-envify/-/loose-envify-1.4.0.tgz"
  integrity sha512-lyuxPGr/Wfhrlem2CL/UcnUc1zcqKAImBDzukY7Y5F/yQiNdko6+fRLevlw1HgMySw7f611UIY408EtxRSoK3Q==
  dependencies:
    js-tokens "^3.0.0 || ^4.0.0"

magic-string@^0.25.7:
  version "0.25.7"
  resolved "https://registry.npmjs.org/magic-string/-/magic-string-0.25.7.tgz"
  integrity sha512-4CrMT5DOHTDk4HYDlzmwu4FVCcIYI8gauveasrdCu2IKIFOJ3f0v/8MDGJCDL9oD2ppz/Av1b0Nj345H9M+XIA==
  dependencies:
    sourcemap-codec "^1.4.4"

moment@^2.27.0:
  version "2.29.1"
  resolved "https://registry.npmjs.org/moment/-/moment-2.29.1.tgz"
  integrity sha512-kHmoybcPV8Sqy59DwNDY3Jefr64lK/by/da0ViFcuA4DH0vQg5Q6Ze5VimxkfQNSC+Mls/Kx53s7TjP1RhFEDQ==

nanoid@^3.1.23:
  version "3.1.25"
  resolved "https://registry.npmjs.org/nanoid/-/nanoid-3.1.25.tgz"
  integrity sha512-rdwtIXaXCLFAQbnfqDRnI6jaRHp9fTcYBjtFKE8eezcZ7LuLjhUaQGNeMXf1HmRoCH32CLz6XwX0TtxEOS/A3Q==

nanopop@^2.1.0:
  version "2.1.0"
  resolved "https://registry.npmjs.org/nanopop/-/nanopop-2.1.0.tgz"
  integrity sha512-jGTwpFRexSH+fxappnGQtN9dspgE2ipa1aOjtR24igG0pv6JCxImIAmrLRHX+zUF5+1wtsFVbKyfP51kIGAVNw==

node-fetch@^2.6.0:
  version "2.6.2"
  resolved "https://registry.npmjs.org/node-fetch/-/node-fetch-2.6.2.tgz"
  integrity sha512-aLoxToI6RfZ+0NOjmWAgn9+LEd30YCkJKFSyWacNZdEKTit/ZMcKjGkTRo8uWEsnIb/hfKecNPEbln02PdWbcA==

omit.js@^2.0.0:
  version "2.0.2"
  resolved "https://registry.npmjs.org/omit.js/-/omit.js-2.0.2.tgz"
  integrity sha512-hJmu9D+bNB40YpL9jYebQl4lsTW6yEHRTroJzNLqQJYHm7c+NQnJGfZmIWh8S3q3KoaxV1aLhV6B3+0N0/kyJg==

original@^1.0.0:
  version "1.0.2"
  resolved "https://registry.npmjs.org/original/-/original-1.0.2.tgz"
  integrity sha512-hyBVl6iqqUOJ8FqRe+l/gS8H+kKYjrEndd5Pm1MfBtsEKA038HkkdbAl/72EAXGyonD/PFsvmVG+EvcIpliMBg==
  dependencies:
    url-parse "^1.4.3"

path-parse@^1.0.6:
  version "1.0.7"
  resolved "https://registry.npmjs.org/path-parse/-/path-parse-1.0.7.tgz"
  integrity sha512-LDJzPVEEEPR+y48z93A0Ed0yXb8pAByGWo/k5YYdYgpY2/2EsOsksJrq7lOHxryrVOn1ejG6oAp8ahvOIQD8sw==

postcss@^8.1.10, postcss@^8.3.6:
  version "8.3.6"
  resolved "https://registry.npmjs.org/postcss/-/postcss-8.3.6.tgz"
  integrity sha512-wG1cc/JhRgdqB6WHEuyLTedf3KIRuD0hG6ldkFEZNCjRxiC+3i6kkWUUbiJQayP28iwG35cEmAbe98585BYV0A==
  dependencies:
    colorette "^1.2.2"
    nanoid "^3.1.23"
    source-map-js "^0.6.2"

psl@^1.1.28:
  version "1.8.0"
  resolved "https://registry.npmjs.org/psl/-/psl-1.8.0.tgz"
  integrity sha512-RIdOzyoavK+hA18OGGWDqUTsCLhtA7IcZ/6NCs4fFJaHBDab+pDDmDIByWFRQJq2Cd7r1OoQxBGKOaztq+hjIQ==

punycode@^2.1.1:
  version "2.1.1"
  resolved "https://registry.npmjs.org/punycode/-/punycode-2.1.1.tgz"
  integrity sha512-XRsRjdf+j5ml+y/6GKHPZbrF/8p2Yga0JPtdqTIY2Xe5ohJPD9saDJJLPvp9+NSBprVvevdXZybnj2cv8OEd0A==

querystringify@^2.1.1:
  version "2.2.0"
  resolved "https://registry.npmjs.org/querystringify/-/querystringify-2.2.0.tgz"
  integrity sha512-FIqgj2EUvTa7R50u0rGsyTftzjYmv/a3hO345bZNrqabNqjtgiDMgmo4mkUjd+nzU5oF3dClKqFIPUKybUyqoQ==

regenerator-runtime@^0.13.4:
  version "0.13.9"
  resolved "https://registry.npmjs.org/regenerator-runtime/-/regenerator-runtime-0.13.9.tgz"
  integrity sha512-p3VT+cOEgxFsRRA9X4lkI1E+k2/CtnKtU4gcxyaCUreilL/vqI6CdZ3wxVUx3UOUg+gnUOQQcRI7BmSI656MYA==

requires-port@^1.0.0:
  version "1.0.0"
  resolved "https://registry.npmjs.org/requires-port/-/requires-port-1.0.0.tgz"
  integrity sha1-kl0mAdOaxIXgkc8NpcbmlNw9yv8=

resize-observer-polyfill@^1.5.1:
  version "1.5.1"
  resolved "https://registry.npmjs.org/resize-observer-polyfill/-/resize-observer-polyfill-1.5.1.tgz"
  integrity sha512-LwZrotdHOo12nQuZlHEmtuXdqGoOD0OhaxopaNFxWzInpEgaLWoVuAMbTzixuosCx2nEG58ngzW3vxdWoxIgdg==

resolve@^1.20.0:
  version "1.20.0"
  resolved "https://registry.npmjs.org/resolve/-/resolve-1.20.0.tgz"
  integrity sha512-wENBPt4ySzg4ybFQW2TT1zMQucPK95HSh/nq2CFTZVOGut2+pQvSsgtda4d26YrYcr067wjbmzOG8byDPBX63A==
  dependencies:
    is-core-module "^2.2.0"
    path-parse "^1.0.6"

rollup@^2.38.5:
  version "2.56.3"
  resolved "https://registry.npmjs.org/rollup/-/rollup-2.56.3.tgz"
  integrity sha512-Au92NuznFklgQCUcV96iXlxUbHuB1vQMaH76DHl5M11TotjOHwqk9CwcrT78+Tnv4FN9uTBxq6p4EJoYkpyekg==
  optionalDependencies:
    fsevents "~2.3.2"

scroll-into-view-if-needed@^2.2.25:
  version "2.2.28"
  resolved "https://registry.npmjs.org/scroll-into-view-if-needed/-/scroll-into-view-if-needed-2.2.28.tgz"
  integrity sha512-8LuxJSuFVc92+0AdNv4QOxRL4Abeo1DgLnGNkn1XlaujPH/3cCFz3QI60r2VNu4obJJROzgnIUw5TKQkZvZI1w==
  dependencies:
    compute-scroll-into-view "^1.0.17"

shallow-equal@^1.0.0:
  version "1.2.1"
  resolved "https://registry.npmjs.org/shallow-equal/-/shallow-equal-1.2.1.tgz"
  integrity sha512-S4vJDjHHMBaiZuT9NPb616CSmLf618jawtv3sufLl6ivK8WocjAo58cXwbRV1cgqxH0Qbv+iUt6m05eqEa2IRA==

shvl@^2.0.3:
  version "2.0.3"
  resolved "https://registry.yarnpkg.com/shvl/-/shvl-2.0.3.tgz#eb4bd37644f5684bba1fc52c3010c96fb5e6afd1"
  integrity sha512-V7C6S9Hlol6SzOJPnQ7qzOVEWUQImt3BNmmzh40wObhla3XOYMe4gGiYzLrJd5TFa+cI2f9LKIRJTTKZSTbWgw==

source-map-js@^0.6.2:
  version "0.6.2"
  resolved "https://registry.npmjs.org/source-map-js/-/source-map-js-0.6.2.tgz"
  integrity sha512-/3GptzWzu0+0MBQFrDKzw/DvvMTUORvgY6k6jd/VS6iCR4RDTKWH6v6WPwQoUO8667uQEf9Oe38DxAYWY5F/Ug==

source-map@^0.6.1:
  version "0.6.1"
  resolved "https://registry.npmjs.org/source-map/-/source-map-0.6.1.tgz"
  integrity sha512-UjgapumWlbMhkBgzT7Ykc5YXUT46F0iKu8SGXq0bcwP5dz/h0Plj6enJqjz1Zbq2l5WaqYnrVbwWOWMyF3F47g==

sourcemap-codec@^1.4.4:
  version "1.4.8"
  resolved "https://registry.npmjs.org/sourcemap-codec/-/sourcemap-codec-1.4.8.tgz"
  integrity sha512-9NykojV5Uih4lgo5So5dtw+f0JgJX30KCNI8gwhz2J9A15wD0Ml6tjHKwf6fTSa6fAdVBdZeNOs9eJ71qCk8vA==

tough-cookie@^2.3.3:
  version "2.5.0"
  resolved "https://registry.npmjs.org/tough-cookie/-/tough-cookie-2.5.0.tgz"
  integrity sha512-nlLsUzgm1kfLXSXfRZMc1KLAugd4hqJHDTvc2hDIwS3mZAfMEuMbc03SujMF+GEcpaX/qboeycw6iO8JwVv2+g==
  dependencies:
    psl "^1.1.28"
    punycode "^2.1.1"

url-parse@^1.4.3:
  version "1.5.3"
  resolved "https://registry.npmjs.org/url-parse/-/url-parse-1.5.3.tgz"
  integrity sha512-IIORyIQD9rvj0A4CLWsHkBBJuNqWpFQe224b6j9t/ABmquIS0qDU2pY6kl6AuOrL5OkCXHMCFNe1jBcuAggjvQ==
  dependencies:
    querystringify "^2.1.1"
    requires-port "^1.0.0"

vite@^2.5.4:
  version "2.5.8"
  resolved "https://registry.npmjs.org/vite/-/vite-2.5.8.tgz"
  integrity sha512-2GRsLrmMsFI0u31WTtkGbKvEIJO4I9qDltma3QiyDJEk14IzjM35OCElAFHFs2VlL7h2qX5AdHbwfEhnmwhQgw==
  dependencies:
    esbuild "^0.12.17"
    postcss "^8.3.6"
    resolve "^1.20.0"
    rollup "^2.38.5"
  optionalDependencies:
    fsevents "~2.3.2"

vue-router@^4.0.11:
  version "4.0.11"
  resolved "https://registry.npmjs.org/vue-router/-/vue-router-4.0.11.tgz"
  integrity sha512-sha6I8fx9HWtvTrFZfxZkiQQBpqSeT+UCwauYjkdOQYRvwsGwimlQQE2ayqUwuuXGzquFpCPoXzYKWlzL4OuXg==
  dependencies:
    "@vue/devtools-api" "^6.0.0-beta.14"

vue-types@^3.0.0:
  version "3.0.2"
  resolved "https://registry.npmjs.org/vue-types/-/vue-types-3.0.2.tgz"
  integrity sha512-IwUC0Aq2zwaXqy74h4WCvFCUtoV0iSWr0snWnE9TnU18S66GAQyqQbRf2qfJtUuiFsBf6qp0MEwdonlwznlcrw==
  dependencies:
    is-plain-object "3.0.1"

vue@^3.2.13:
  version "3.2.13"
  resolved "https://registry.yarnpkg.com/vue/-/vue-3.2.13.tgz#9d1a94fc62dc29ae21a3dd0d8ee24198e421671e"
  integrity sha512-raTGvLXXTdMxrhQKY1r1YFXZMmjbjTe7QHBW9EU4CgCBhq8DbgyLqgILcSUZmeFyazk5WY7a7xu0VYmHElf4lA==
  dependencies:
    "@vue/compiler-dom" "3.2.13"
    "@vue/compiler-sfc" "3.2.13"
    "@vue/runtime-dom" "3.2.13"
    "@vue/server-renderer" "3.2.13"
    "@vue/shared" "3.2.13"

vuex-persistedstate@^4.1.0:
  version "4.1.0"
  resolved "https://registry.yarnpkg.com/vuex-persistedstate/-/vuex-persistedstate-4.1.0.tgz#127165f85f5b4534fb3170a5d3a8be9811bd2a53"
  integrity sha512-3SkEj4NqwM69ikJdFVw6gObeB0NHyspRYMYkR/EbhR0hbvAKyR5gksVhtAfY1UYuWUOCCA0QNGwv9pOwdj+XUQ==
  dependencies:
    deepmerge "^4.2.2"
    shvl "^2.0.3"

vuex@^4.0.2:
  version "4.0.2"
  resolved "https://registry.yarnpkg.com/vuex/-/vuex-4.0.2.tgz#f896dbd5bf2a0e963f00c67e9b610de749ccacc9"
  integrity sha512-M6r8uxELjZIK8kTKDGgZTYX/ahzblnzC4isU1tpmEuOIIKmV+TRdc+H4s8ds2NuZ7wpUTdGRzJRtoj+lI+pc0Q==
  dependencies:
    "@vue/devtools-api" "^6.0.0-beta.11"

warning@^4.0.0:
  version "4.0.3"
  resolved "https://registry.npmjs.org/warning/-/warning-4.0.3.tgz"
  integrity sha512-rpJyN222KWIvHJ/F53XSZv0Zl/accqHR8et1kpaMTD/fLCRxtV8iX8czMzY7sVZupTI3zcUTg8eycS2kNF9l6w==
  dependencies:
    loose-envify "^1.0.0"

ws@^6.0.0:
  version "6.2.2"
  resolved "https://registry.npmjs.org/ws/-/ws-6.2.2.tgz"
  integrity sha512-zmhltoSR8u1cnDsD43TX59mzoMZsLKqUweyYBAIvTngR3shc0W6aOZylZmq/7hqyVxPdi+5Ud2QInblgyE72fw==
  dependencies:
    async-limiter "~1.0.0"
